// !$*UTF8*$!
{
	archiveVersion = 1;
	classes = {
	};
	objectVersion = 56;
	objects = {

/* Begin PBXBuildFile section */
		7D2F76F2291A94D4009D3444 /* AppDelegate.swift in Sources */ = {isa = PBXBuildFile; fileRef = 7D2F76F1291A94D4009D3444 /* AppDelegate.swift */; };
		7D2F76FC291A94D4009D3444 /* FoodAssistant.xcdatamodeld in Sources */ = {isa = PBXBuildFile; fileRef = 7D2F76FA291A94D4009D3444 /* FoodAssistant.xcdatamodeld */; };
		7D2F76FE291A94D6009D3444 /* Assets.xcassets in Resources */ = {isa = PBXBuildFile; fileRef = 7D2F76FD291A94D6009D3444 /* Assets.xcassets */; };
		7D2F7701291A94D6009D3444 /* LaunchScreen.storyboard in Resources */ = {isa = PBXBuildFile; fileRef = 7D2F76FF291A94D6009D3444 /* LaunchScreen.storyboard */; };
		7D2F770C291A94D6009D3444 /* FoodAssistantTests.swift in Sources */ = {isa = PBXBuildFile; fileRef = 7D2F770B291A94D6009D3444 /* FoodAssistantTests.swift */; };
		7D2F7716291A94D6009D3444 /* FoodAssistantUITests.swift in Sources */ = {isa = PBXBuildFile; fileRef = 7D2F7715291A94D6009D3444 /* FoodAssistantUITests.swift */; };
		7D2F7718291A94D6009D3444 /* FoodAssistantUITestsLaunchTests.swift in Sources */ = {isa = PBXBuildFile; fileRef = 7D2F7717291A94D6009D3444 /* FoodAssistantUITestsLaunchTests.swift */; };
		7D2F7730291A9717009D3444 /* Assembly.swift in Sources */ = {isa = PBXBuildFile; fileRef = 7D2F772B291A9717009D3444 /* Assembly.swift */; };
		7D2F7731291A9717009D3444 /* Presenter.swift in Sources */ = {isa = PBXBuildFile; fileRef = 7D2F772C291A9717009D3444 /* Presenter.swift */; };
		7D2F7732291A9717009D3444 /* Assemblying.swift in Sources */ = {isa = PBXBuildFile; fileRef = 7D2F772D291A9717009D3444 /* Assemblying.swift */; };
		7D2F7733291A9717009D3444 /* Interactor.swift in Sources */ = {isa = PBXBuildFile; fileRef = 7D2F772E291A9717009D3444 /* Interactor.swift */; };
		7D2F7734291A9717009D3444 /* Router.swift in Sources */ = {isa = PBXBuildFile; fileRef = 7D2F772F291A9717009D3444 /* Router.swift */; };
		7D2F773A291A975A009D3444 /* ViewController.swift in Sources */ = {isa = PBXBuildFile; fileRef = 7D2F7739291A975A009D3444 /* ViewController.swift */; };
/* End PBXBuildFile section */

/* Begin PBXContainerItemProxy section */
		7D2F7708291A94D6009D3444 /* PBXContainerItemProxy */ = {
			isa = PBXContainerItemProxy;
			containerPortal = 7D2F76E6291A94D4009D3444 /* Project object */;
			proxyType = 1;
			remoteGlobalIDString = 7D2F76ED291A94D4009D3444;
			remoteInfo = FoodAssistant;
		};
		7D2F7712291A94D6009D3444 /* PBXContainerItemProxy */ = {
			isa = PBXContainerItemProxy;
			containerPortal = 7D2F76E6291A94D4009D3444 /* Project object */;
			proxyType = 1;
			remoteGlobalIDString = 7D2F76ED291A94D4009D3444;
			remoteInfo = FoodAssistant;
		};
/* End PBXContainerItemProxy section */

/* Begin PBXFileReference section */
		7D2F76EE291A94D4009D3444 /* FoodAssistant.app */ = {isa = PBXFileReference; explicitFileType = wrapper.application; includeInIndex = 0; path = FoodAssistant.app; sourceTree = BUILT_PRODUCTS_DIR; };
		7D2F76F1291A94D4009D3444 /* AppDelegate.swift */ = {isa = PBXFileReference; lastKnownFileType = sourcecode.swift; path = AppDelegate.swift; sourceTree = "<group>"; };
		7D2F76FB291A94D4009D3444 /* FoodAssistant.xcdatamodel */ = {isa = PBXFileReference; lastKnownFileType = wrapper.xcdatamodel; path = FoodAssistant.xcdatamodel; sourceTree = "<group>"; };
		7D2F76FD291A94D6009D3444 /* Assets.xcassets */ = {isa = PBXFileReference; lastKnownFileType = folder.assetcatalog; path = Assets.xcassets; sourceTree = "<group>"; };
		7D2F7700291A94D6009D3444 /* Base */ = {isa = PBXFileReference; lastKnownFileType = file.storyboard; name = Base; path = Base.lproj/LaunchScreen.storyboard; sourceTree = "<group>"; };
		7D2F7702291A94D6009D3444 /* Info.plist */ = {isa = PBXFileReference; lastKnownFileType = text.plist.xml; path = Info.plist; sourceTree = "<group>"; };
		7D2F7707291A94D6009D3444 /* FoodAssistantTests.xctest */ = {isa = PBXFileReference; explicitFileType = wrapper.cfbundle; includeInIndex = 0; path = FoodAssistantTests.xctest; sourceTree = BUILT_PRODUCTS_DIR; };
		7D2F770B291A94D6009D3444 /* FoodAssistantTests.swift */ = {isa = PBXFileReference; lastKnownFileType = sourcecode.swift; path = FoodAssistantTests.swift; sourceTree = "<group>"; };
		7D2F7711291A94D6009D3444 /* FoodAssistantUITests.xctest */ = {isa = PBXFileReference; explicitFileType = wrapper.cfbundle; includeInIndex = 0; path = FoodAssistantUITests.xctest; sourceTree = BUILT_PRODUCTS_DIR; };
		7D2F7715291A94D6009D3444 /* FoodAssistantUITests.swift */ = {isa = PBXFileReference; lastKnownFileType = sourcecode.swift; path = FoodAssistantUITests.swift; sourceTree = "<group>"; };
		7D2F7717291A94D6009D3444 /* FoodAssistantUITestsLaunchTests.swift */ = {isa = PBXFileReference; lastKnownFileType = sourcecode.swift; path = FoodAssistantUITestsLaunchTests.swift; sourceTree = "<group>"; };
		7D2F772B291A9717009D3444 /* Assembly.swift */ = {isa = PBXFileReference; fileEncoding = 4; lastKnownFileType = sourcecode.swift; path = Assembly.swift; sourceTree = "<group>"; };
		7D2F772C291A9717009D3444 /* Presenter.swift */ = {isa = PBXFileReference; fileEncoding = 4; lastKnownFileType = sourcecode.swift; path = Presenter.swift; sourceTree = "<group>"; };
		7D2F772D291A9717009D3444 /* Assemblying.swift */ = {isa = PBXFileReference; fileEncoding = 4; lastKnownFileType = sourcecode.swift; path = Assemblying.swift; sourceTree = "<group>"; };
		7D2F772E291A9717009D3444 /* Interactor.swift */ = {isa = PBXFileReference; fileEncoding = 4; lastKnownFileType = sourcecode.swift; path = Interactor.swift; sourceTree = "<group>"; };
		7D2F772F291A9717009D3444 /* Router.swift */ = {isa = PBXFileReference; fileEncoding = 4; lastKnownFileType = sourcecode.swift; path = Router.swift; sourceTree = "<group>"; };
		7D2F7739291A975A009D3444 /* ViewController.swift */ = {isa = PBXFileReference; fileEncoding = 4; lastKnownFileType = sourcecode.swift; path = ViewController.swift; sourceTree = "<group>"; };
/* End PBXFileReference section */

/* Begin PBXFrameworksBuildPhase section */
		7D2F76EB291A94D4009D3444 /* Frameworks */ = {
			isa = PBXFrameworksBuildPhase;
			buildActionMask = 2147483647;
			files = (
			);
			runOnlyForDeploymentPostprocessing = 0;
		};
		7D2F7704291A94D6009D3444 /* Frameworks */ = {
			isa = PBXFrameworksBuildPhase;
			buildActionMask = 2147483647;
			files = (
			);
			runOnlyForDeploymentPostprocessing = 0;
		};
		7D2F770E291A94D6009D3444 /* Frameworks */ = {
			isa = PBXFrameworksBuildPhase;
			buildActionMask = 2147483647;
			files = (
			);
			runOnlyForDeploymentPostprocessing = 0;
		};
/* End PBXFrameworksBuildPhase section */

/* Begin PBXGroup section */
		7D2F76E5291A94D4009D3444 = {
			isa = PBXGroup;
			children = (
				7D2F76F0291A94D4009D3444 /* FoodAssistant */,
				7D2F770A291A94D6009D3444 /* FoodAssistantTests */,
				7D2F7714291A94D6009D3444 /* FoodAssistantUITests */,
				7D2F76EF291A94D4009D3444 /* Products */,
			);
			sourceTree = "<group>";
		};
		7D2F76EF291A94D4009D3444 /* Products */ = {
			isa = PBXGroup;
			children = (
				7D2F76EE291A94D4009D3444 /* FoodAssistant.app */,
				7D2F7707291A94D6009D3444 /* FoodAssistantTests.xctest */,
				7D2F7711291A94D6009D3444 /* FoodAssistantUITests.xctest */,
			);
			name = Products;
			sourceTree = "<group>";
		};
		7D2F76F0291A94D4009D3444 /* FoodAssistant */ = {
			isa = PBXGroup;
			children = (
				7D2F7724291A9563009D3444 /* Resources */,
				7D2F7726291A9598009D3444 /* Sources */,
			);
			path = FoodAssistant;
			sourceTree = "<group>";
		};
		7D2F770A291A94D6009D3444 /* FoodAssistantTests */ = {
			isa = PBXGroup;
			children = (
				7D2F770B291A94D6009D3444 /* FoodAssistantTests.swift */,
			);
			path = FoodAssistantTests;
			sourceTree = "<group>";
		};
		7D2F7714291A94D6009D3444 /* FoodAssistantUITests */ = {
			isa = PBXGroup;
			children = (
				7D2F7715291A94D6009D3444 /* FoodAssistantUITests.swift */,
				7D2F7717291A94D6009D3444 /* FoodAssistantUITestsLaunchTests.swift */,
			);
			path = FoodAssistantUITests;
			sourceTree = "<group>";
		};
		7D2F7724291A9563009D3444 /* Resources */ = {
			isa = PBXGroup;
			children = (
				7D2F76FD291A94D6009D3444 /* Assets.xcassets */,
				7D2F7702291A94D6009D3444 /* Info.plist */,
			);
			path = Resources;
			sourceTree = "<group>";
		};
		7D2F7726291A9598009D3444 /* Sources */ = {
			isa = PBXGroup;
			children = (
				7D2F76F1291A94D4009D3444 /* AppDelegate.swift */,
				7D2F773C291A98D0009D3444 /* Protocols */,
				7D2F7728291A95B6009D3444 /* Extensions */,
				7D2F7729291A95BD009D3444 /* Apps */,
				7D2F76FF291A94D6009D3444 /* LaunchScreen.storyboard */,
				7D2F76FA291A94D4009D3444 /* FoodAssistant.xcdatamodeld */,
			);
			path = Sources;
			sourceTree = "<group>";
		};
		7D2F7728291A95B6009D3444 /* Extensions */ = {
			isa = PBXGroup;
			children = (
			);
			path = Extensions;
			sourceTree = "<group>";
		};
		7D2F7729291A95BD009D3444 /* Apps */ = {
			isa = PBXGroup;
			children = (
				7D2F772A291A969E009D3444 /* StartVC */,
			);
			path = Apps;
			sourceTree = "<group>";
		};
		7D2F772A291A969E009D3444 /* StartVC */ = {
			isa = PBXGroup;
			children = (
				7D2F7738291A9752009D3444 /* Views */,
				7D2F772B291A9717009D3444 /* Assembly.swift */,
				7D2F772D291A9717009D3444 /* Assemblying.swift */,
				7D2F772E291A9717009D3444 /* Interactor.swift */,
				7D2F772C291A9717009D3444 /* Presenter.swift */,
				7D2F772F291A9717009D3444 /* Router.swift */,
			);
			path = StartVC;
			sourceTree = "<group>";
		};
		7D2F7738291A9752009D3444 /* Views */ = {
			isa = PBXGroup;
			children = (
				7D2F773B291A9763009D3444 /* Controllers */,
			);
			path = Views;
			sourceTree = "<group>";
		};
		7D2F773B291A9763009D3444 /* Controllers */ = {
			isa = PBXGroup;
			children = (
				7D2F7739291A975A009D3444 /* ViewController.swift */,
			);
			path = Controllers;
			sourceTree = "<group>";
		};
		7D2F773C291A98D0009D3444 /* Protocols */ = {
			isa = PBXGroup;
			children = (
			);
			path = Protocols;
			sourceTree = "<group>";
		};
/* End PBXGroup section */

/* Begin PBXNativeTarget section */
		7D2F76ED291A94D4009D3444 /* FoodAssistant */ = {
			isa = PBXNativeTarget;
			buildConfigurationList = 7D2F771B291A94D6009D3444 /* Build configuration list for PBXNativeTarget "FoodAssistant" */;
			buildPhases = (
				7D2F76EA291A94D4009D3444 /* Sources */,
				7D2F76EB291A94D4009D3444 /* Frameworks */,
				7D2F76EC291A94D4009D3444 /* Resources */,
			);
			buildRules = (
			);
			dependencies = (
			);
			name = FoodAssistant;
			productName = FoodAssistant;
			productReference = 7D2F76EE291A94D4009D3444 /* FoodAssistant.app */;
			productType = "com.apple.product-type.application";
		};
		7D2F7706291A94D6009D3444 /* FoodAssistantTests */ = {
			isa = PBXNativeTarget;
			buildConfigurationList = 7D2F771E291A94D6009D3444 /* Build configuration list for PBXNativeTarget "FoodAssistantTests" */;
			buildPhases = (
				7D2F7703291A94D6009D3444 /* Sources */,
				7D2F7704291A94D6009D3444 /* Frameworks */,
				7D2F7705291A94D6009D3444 /* Resources */,
			);
			buildRules = (
			);
			dependencies = (
				7D2F7709291A94D6009D3444 /* PBXTargetDependency */,
			);
			name = FoodAssistantTests;
			productName = FoodAssistantTests;
			productReference = 7D2F7707291A94D6009D3444 /* FoodAssistantTests.xctest */;
			productType = "com.apple.product-type.bundle.unit-test";
		};
		7D2F7710291A94D6009D3444 /* FoodAssistantUITests */ = {
			isa = PBXNativeTarget;
			buildConfigurationList = 7D2F7721291A94D6009D3444 /* Build configuration list for PBXNativeTarget "FoodAssistantUITests" */;
			buildPhases = (
				7D2F770D291A94D6009D3444 /* Sources */,
				7D2F770E291A94D6009D3444 /* Frameworks */,
				7D2F770F291A94D6009D3444 /* Resources */,
			);
			buildRules = (
			);
			dependencies = (
				7D2F7713291A94D6009D3444 /* PBXTargetDependency */,
			);
			name = FoodAssistantUITests;
			productName = FoodAssistantUITests;
			productReference = 7D2F7711291A94D6009D3444 /* FoodAssistantUITests.xctest */;
			productType = "com.apple.product-type.bundle.ui-testing";
		};
/* End PBXNativeTarget section */

/* Begin PBXProject section */
		7D2F76E6291A94D4009D3444 /* Project object */ = {
			isa = PBXProject;
			attributes = {
				BuildIndependentTargetsInParallel = 1;
				LastSwiftUpdateCheck = 1410;
				LastUpgradeCheck = 1410;
				TargetAttributes = {
					7D2F76ED291A94D4009D3444 = {
						CreatedOnToolsVersion = 14.1;
					};
					7D2F7706291A94D6009D3444 = {
						CreatedOnToolsVersion = 14.1;
						TestTargetID = 7D2F76ED291A94D4009D3444;
					};
					7D2F7710291A94D6009D3444 = {
						CreatedOnToolsVersion = 14.1;
						TestTargetID = 7D2F76ED291A94D4009D3444;
					};
				};
			};
			buildConfigurationList = 7D2F76E9291A94D4009D3444 /* Build configuration list for PBXProject "FoodAssistant" */;
			compatibilityVersion = "Xcode 14.0";
			developmentRegion = en;
			hasScannedForEncodings = 0;
			knownRegions = (
				en,
				Base,
			);
			mainGroup = 7D2F76E5291A94D4009D3444;
			productRefGroup = 7D2F76EF291A94D4009D3444 /* Products */;
			projectDirPath = "";
			projectRoot = "";
			targets = (
				7D2F76ED291A94D4009D3444 /* FoodAssistant */,
				7D2F7706291A94D6009D3444 /* FoodAssistantTests */,
				7D2F7710291A94D6009D3444 /* FoodAssistantUITests */,
			);
		};
/* End PBXProject section */

/* Begin PBXResourcesBuildPhase section */
		7D2F76EC291A94D4009D3444 /* Resources */ = {
			isa = PBXResourcesBuildPhase;
			buildActionMask = 2147483647;
			files = (
				7D2F7701291A94D6009D3444 /* LaunchScreen.storyboard in Resources */,
				7D2F76FE291A94D6009D3444 /* Assets.xcassets in Resources */,
			);
			runOnlyForDeploymentPostprocessing = 0;
		};
		7D2F7705291A94D6009D3444 /* Resources */ = {
			isa = PBXResourcesBuildPhase;
			buildActionMask = 2147483647;
			files = (
			);
			runOnlyForDeploymentPostprocessing = 0;
		};
		7D2F770F291A94D6009D3444 /* Resources */ = {
			isa = PBXResourcesBuildPhase;
			buildActionMask = 2147483647;
			files = (
			);
			runOnlyForDeploymentPostprocessing = 0;
		};
/* End PBXResourcesBuildPhase section */

/* Begin PBXSourcesBuildPhase section */
		7D2F76EA291A94D4009D3444 /* Sources */ = {
			isa = PBXSourcesBuildPhase;
			buildActionMask = 2147483647;
			files = (
				7D2F7733291A9717009D3444 /* Interactor.swift in Sources */,
				7D2F76FC291A94D4009D3444 /* FoodAssistant.xcdatamodeld in Sources */,
				7D2F7732291A9717009D3444 /* Assemblying.swift in Sources */,
				7D2F7734291A9717009D3444 /* Router.swift in Sources */,
				7D2F7730291A9717009D3444 /* Assembly.swift in Sources */,
				7D2F7731291A9717009D3444 /* Presenter.swift in Sources */,
				7D2F773A291A975A009D3444 /* ViewController.swift in Sources */,
				7D2F76F2291A94D4009D3444 /* AppDelegate.swift in Sources */,
			);
			runOnlyForDeploymentPostprocessing = 0;
		};
		7D2F7703291A94D6009D3444 /* Sources */ = {
			isa = PBXSourcesBuildPhase;
			buildActionMask = 2147483647;
			files = (
				7D2F770C291A94D6009D3444 /* FoodAssistantTests.swift in Sources */,
			);
			runOnlyForDeploymentPostprocessing = 0;
		};
		7D2F770D291A94D6009D3444 /* Sources */ = {
			isa = PBXSourcesBuildPhase;
			buildActionMask = 2147483647;
			files = (
				7D2F7716291A94D6009D3444 /* FoodAssistantUITests.swift in Sources */,
				7D2F7718291A94D6009D3444 /* FoodAssistantUITestsLaunchTests.swift in Sources */,
			);
			runOnlyForDeploymentPostprocessing = 0;
		};
/* End PBXSourcesBuildPhase section */

/* Begin PBXTargetDependency section */
		7D2F7709291A94D6009D3444 /* PBXTargetDependency */ = {
			isa = PBXTargetDependency;
			target = 7D2F76ED291A94D4009D3444 /* FoodAssistant */;
			targetProxy = 7D2F7708291A94D6009D3444 /* PBXContainerItemProxy */;
		};
		7D2F7713291A94D6009D3444 /* PBXTargetDependency */ = {
			isa = PBXTargetDependency;
			target = 7D2F76ED291A94D4009D3444 /* FoodAssistant */;
			targetProxy = 7D2F7712291A94D6009D3444 /* PBXContainerItemProxy */;
		};
/* End PBXTargetDependency section */

/* Begin PBXVariantGroup section */
		7D2F76FF291A94D6009D3444 /* LaunchScreen.storyboard */ = {
			isa = PBXVariantGroup;
			children = (
				7D2F7700291A94D6009D3444 /* Base */,
			);
			name = LaunchScreen.storyboard;
			sourceTree = "<group>";
		};
/* End PBXVariantGroup section */

/* Begin XCBuildConfiguration section */
		7D2F7719291A94D6009D3444 /* Debug */ = {
			isa = XCBuildConfiguration;
			buildSettings = {
				ALWAYS_SEARCH_USER_PATHS = NO;
				CLANG_ANALYZER_NONNULL = YES;
				CLANG_ANALYZER_NUMBER_OBJECT_CONVERSION = YES_AGGRESSIVE;
				CLANG_CXX_LANGUAGE_STANDARD = "gnu++20";
				CLANG_ENABLE_MODULES = YES;
				CLANG_ENABLE_OBJC_ARC = YES;
				CLANG_ENABLE_OBJC_WEAK = YES;
				CLANG_WARN_BLOCK_CAPTURE_AUTORELEASING = YES;
				CLANG_WARN_BOOL_CONVERSION = YES;
				CLANG_WARN_COMMA = YES;
				CLANG_WARN_CONSTANT_CONVERSION = YES;
				CLANG_WARN_DEPRECATED_OBJC_IMPLEMENTATIONS = YES;
				CLANG_WARN_DIRECT_OBJC_ISA_USAGE = YES_ERROR;
				CLANG_WARN_DOCUMENTATION_COMMENTS = YES;
				CLANG_WARN_EMPTY_BODY = YES;
				CLANG_WARN_ENUM_CONVERSION = YES;
				CLANG_WARN_INFINITE_RECURSION = YES;
				CLANG_WARN_INT_CONVERSION = YES;
				CLANG_WARN_NON_LITERAL_NULL_CONVERSION = YES;
				CLANG_WARN_OBJC_IMPLICIT_RETAIN_SELF = YES;
				CLANG_WARN_OBJC_LITERAL_CONVERSION = YES;
				CLANG_WARN_OBJC_ROOT_CLASS = YES_ERROR;
				CLANG_WARN_QUOTED_INCLUDE_IN_FRAMEWORK_HEADER = YES;
				CLANG_WARN_RANGE_LOOP_ANALYSIS = YES;
				CLANG_WARN_STRICT_PROTOTYPES = YES;
				CLANG_WARN_SUSPICIOUS_MOVE = YES;
				CLANG_WARN_UNGUARDED_AVAILABILITY = YES_AGGRESSIVE;
				CLANG_WARN_UNREACHABLE_CODE = YES;
				CLANG_WARN__DUPLICATE_METHOD_MATCH = YES;
				COPY_PHASE_STRIP = NO;
				DEBUG_INFORMATION_FORMAT = dwarf;
				ENABLE_STRICT_OBJC_MSGSEND = YES;
				ENABLE_TESTABILITY = YES;
				GCC_C_LANGUAGE_STANDARD = gnu11;
				GCC_DYNAMIC_NO_PIC = NO;
				GCC_NO_COMMON_BLOCKS = YES;
				GCC_OPTIMIZATION_LEVEL = 0;
				GCC_PREPROCESSOR_DEFINITIONS = (
					"DEBUG=1",
					"$(inherited)",
				);
				GCC_WARN_64_TO_32_BIT_CONVERSION = YES;
				GCC_WARN_ABOUT_RETURN_TYPE = YES_ERROR;
				GCC_WARN_UNDECLARED_SELECTOR = YES;
				GCC_WARN_UNINITIALIZED_AUTOS = YES_AGGRESSIVE;
				GCC_WARN_UNUSED_FUNCTION = YES;
				GCC_WARN_UNUSED_VARIABLE = YES;
				IPHONEOS_DEPLOYMENT_TARGET = 12.0;
				MTL_ENABLE_DEBUG_INFO = INCLUDE_SOURCE;
				MTL_FAST_MATH = YES;
				ONLY_ACTIVE_ARCH = YES;
				SDKROOT = iphoneos;
				SWIFT_ACTIVE_COMPILATION_CONDITIONS = DEBUG;
				SWIFT_OPTIMIZATION_LEVEL = "-Onone";
			};
			name = Debug;
		};
		7D2F771A291A94D6009D3444 /* Release */ = {
			isa = XCBuildConfiguration;
			buildSettings = {
				ALWAYS_SEARCH_USER_PATHS = NO;
				CLANG_ANALYZER_NONNULL = YES;
				CLANG_ANALYZER_NUMBER_OBJECT_CONVERSION = YES_AGGRESSIVE;
				CLANG_CXX_LANGUAGE_STANDARD = "gnu++20";
				CLANG_ENABLE_MODULES = YES;
				CLANG_ENABLE_OBJC_ARC = YES;
				CLANG_ENABLE_OBJC_WEAK = YES;
				CLANG_WARN_BLOCK_CAPTURE_AUTORELEASING = YES;
				CLANG_WARN_BOOL_CONVERSION = YES;
				CLANG_WARN_COMMA = YES;
				CLANG_WARN_CONSTANT_CONVERSION = YES;
				CLANG_WARN_DEPRECATED_OBJC_IMPLEMENTATIONS = YES;
				CLANG_WARN_DIRECT_OBJC_ISA_USAGE = YES_ERROR;
				CLANG_WARN_DOCUMENTATION_COMMENTS = YES;
				CLANG_WARN_EMPTY_BODY = YES;
				CLANG_WARN_ENUM_CONVERSION = YES;
				CLANG_WARN_INFINITE_RECURSION = YES;
				CLANG_WARN_INT_CONVERSION = YES;
				CLANG_WARN_NON_LITERAL_NULL_CONVERSION = YES;
				CLANG_WARN_OBJC_IMPLICIT_RETAIN_SELF = YES;
				CLANG_WARN_OBJC_LITERAL_CONVERSION = YES;
				CLANG_WARN_OBJC_ROOT_CLASS = YES_ERROR;
				CLANG_WARN_QUOTED_INCLUDE_IN_FRAMEWORK_HEADER = YES;
				CLANG_WARN_RANGE_LOOP_ANALYSIS = YES;
				CLANG_WARN_STRICT_PROTOTYPES = YES;
				CLANG_WARN_SUSPICIOUS_MOVE = YES;
				CLANG_WARN_UNGUARDED_AVAILABILITY = YES_AGGRESSIVE;
				CLANG_WARN_UNREACHABLE_CODE = YES;
				CLANG_WARN__DUPLICATE_METHOD_MATCH = YES;
				COPY_PHASE_STRIP = NO;
				DEBUG_INFORMATION_FORMAT = "dwarf-with-dsym";
				ENABLE_NS_ASSERTIONS = NO;
				ENABLE_STRICT_OBJC_MSGSEND = YES;
				GCC_C_LANGUAGE_STANDARD = gnu11;
				GCC_NO_COMMON_BLOCKS = YES;
				GCC_WARN_64_TO_32_BIT_CONVERSION = YES;
				GCC_WARN_ABOUT_RETURN_TYPE = YES_ERROR;
				GCC_WARN_UNDECLARED_SELECTOR = YES;
				GCC_WARN_UNINITIALIZED_AUTOS = YES_AGGRESSIVE;
				GCC_WARN_UNUSED_FUNCTION = YES;
				GCC_WARN_UNUSED_VARIABLE = YES;
				IPHONEOS_DEPLOYMENT_TARGET = 12.0;
				MTL_ENABLE_DEBUG_INFO = NO;
				MTL_FAST_MATH = YES;
				SDKROOT = iphoneos;
				SWIFT_COMPILATION_MODE = wholemodule;
				SWIFT_OPTIMIZATION_LEVEL = "-O";
				VALIDATE_PRODUCT = YES;
			};
			name = Release;
		};
		7D2F771C291A94D6009D3444 /* Debug */ = {
			isa = XCBuildConfiguration;
			buildSettings = {
				ASSETCATALOG_COMPILER_APPICON_NAME = AppIcon;
				ASSETCATALOG_COMPILER_GLOBAL_ACCENT_COLOR_NAME = AccentColor;
				CODE_SIGN_STYLE = Automatic;
				CURRENT_PROJECT_VERSION = 1;
				DEVELOPMENT_TEAM = WJM24K3YHR;
				GENERATE_INFOPLIST_FILE = YES;
				INFOPLIST_FILE = FoodAssistant/Resources/Info.plist;
				INFOPLIST_KEY_UIApplicationSupportsIndirectInputEvents = YES;
				INFOPLIST_KEY_UILaunchStoryboardName = LaunchScreen;
				INFOPLIST_KEY_UIMainStoryboardFile = "";
				INFOPLIST_KEY_UISupportedInterfaceOrientations = UIInterfaceOrientationPortrait;
				INFOPLIST_KEY_UISupportedInterfaceOrientations_iPad = "UIInterfaceOrientationPortrait UIInterfaceOrientationPortraitUpsideDown";
				LD_RUNPATH_SEARCH_PATHS = (
					"$(inherited)",
					"@executable_path/Frameworks",
				);
				MARKETING_VERSION = 1.0;
				PRODUCT_BUNDLE_IDENTIFIER = "com.rubis-vladimir.FoodAssistant.FoodAssistant";
				PRODUCT_NAME = "$(TARGET_NAME)";
				SWIFT_EMIT_LOC_STRINGS = YES;
				SWIFT_VERSION = 5.0;
				TARGETED_DEVICE_FAMILY = "1,2";
			};
			name = Debug;
		};
		7D2F771D291A94D6009D3444 /* Release */ = {
			isa = XCBuildConfiguration;
			buildSettings = {
				ASSETCATALOG_COMPILER_APPICON_NAME = AppIcon;
				ASSETCATALOG_COMPILER_GLOBAL_ACCENT_COLOR_NAME = AccentColor;
				CODE_SIGN_STYLE = Automatic;
				CURRENT_PROJECT_VERSION = 1;
				DEVELOPMENT_TEAM = WJM24K3YHR;
				GENERATE_INFOPLIST_FILE = YES;
				INFOPLIST_FILE = FoodAssistant/Resources/Info.plist;
				INFOPLIST_KEY_UIApplicationSupportsIndirectInputEvents = YES;
				INFOPLIST_KEY_UILaunchStoryboardName = LaunchScreen;
				INFOPLIST_KEY_UIMainStoryboardFile = "";
				INFOPLIST_KEY_UISupportedInterfaceOrientations = UIInterfaceOrientationPortrait;
				INFOPLIST_KEY_UISupportedInterfaceOrientations_iPad = "UIInterfaceOrientationPortrait UIInterfaceOrientationPortraitUpsideDown";
				LD_RUNPATH_SEARCH_PATHS = (
					"$(inherited)",
					"@executable_path/Frameworks",
				);
				MARKETING_VERSION = 1.0;
				PRODUCT_BUNDLE_IDENTIFIER = "com.rubis-vladimir.FoodAssistant.FoodAssistant";
				PRODUCT_NAME = "$(TARGET_NAME)";
				SWIFT_EMIT_LOC_STRINGS = YES;
				SWIFT_VERSION = 5.0;
				TARGETED_DEVICE_FAMILY = "1,2";
			};
			name = Release;
		};
		7D2F771F291A94D6009D3444 /* Debug */ = {
			isa = XCBuildConfiguration;
			buildSettings = {
				ALWAYS_EMBED_SWIFT_STANDARD_LIBRARIES = YES;
				BUNDLE_LOADER = "$(TEST_HOST)";
				CODE_SIGN_STYLE = Automatic;
				CURRENT_PROJECT_VERSION = 1;
				DEVELOPMENT_TEAM = WJM24K3YHR;
				GENERATE_INFOPLIST_FILE = YES;
				IPHONEOS_DEPLOYMENT_TARGET = 16.1;
				MARKETING_VERSION = 1.0;
				PRODUCT_BUNDLE_IDENTIFIER = "com.rubis-vladimir.FoodAssistant.FoodAssistantTests";
				PRODUCT_NAME = "$(TARGET_NAME)";
				SWIFT_EMIT_LOC_STRINGS = NO;
				SWIFT_VERSION = 5.0;
				TARGETED_DEVICE_FAMILY = "1,2";
				TEST_HOST = "$(BUILT_PRODUCTS_DIR)/FoodAssistant.app/$(BUNDLE_EXECUTABLE_FOLDER_PATH)/FoodAssistant";
			};
			name = Debug;
		};
		7D2F7720291A94D6009D3444 /* Release */ = {
			isa = XCBuildConfiguration;
			buildSettings = {
				ALWAYS_EMBED_SWIFT_STANDARD_LIBRARIES = YES;
				BUNDLE_LOADER = "$(TEST_HOST)";
				CODE_SIGN_STYLE = Automatic;
				CURRENT_PROJECT_VERSION = 1;
				DEVELOPMENT_TEAM = WJM24K3YHR;
				GENERATE_INFOPLIST_FILE = YES;
				IPHONEOS_DEPLOYMENT_TARGET = 16.1;
				MARKETING_VERSION = 1.0;
				PRODUCT_BUNDLE_IDENTIFIER = "com.rubis-vladimir.FoodAssistant.FoodAssistantTests";
				PRODUCT_NAME = "$(TARGET_NAME)";
				SWIFT_EMIT_LOC_STRINGS = NO;
				SWIFT_VERSION = 5.0;
				TARGETED_DEVICE_FAMILY = "1,2";
				TEST_HOST = "$(BUILT_PRODUCTS_DIR)/FoodAssistant.app/$(BUNDLE_EXECUTABLE_FOLDER_PATH)/FoodAssistant";
			};
			name = Release;
		};
		7D2F7722291A94D6009D3444 /* Debug */ = {
			isa = XCBuildConfiguration;
			buildSettings = {
				ALWAYS_EMBED_SWIFT_STANDARD_LIBRARIES = YES;
				CODE_SIGN_STYLE = Automatic;
				CURRENT_PROJECT_VERSION = 1;
				DEVELOPMENT_TEAM = WJM24K3YHR;
				GENERATE_INFOPLIST_FILE = YES;
				MARKETING_VERSION = 1.0;
				PRODUCT_BUNDLE_IDENTIFIER = "com.rubis-vladimir.FoodAssistant.FoodAssistantUITests";
				PRODUCT_NAME = "$(TARGET_NAME)";
				SWIFT_EMIT_LOC_STRINGS = NO;
				SWIFT_VERSION = 5.0;
				TARGETED_DEVICE_FAMILY = "1,2";
				TEST_TARGET_NAME = FoodAssistant;
			};
			name = Debug;
		};
		7D2F7723291A94D6009D3444 /* Release */ = {
			isa = XCBuildConfiguration;
			buildSettings = {
				ALWAYS_EMBED_SWIFT_STANDARD_LIBRARIES = YES;
				CODE_SIGN_STYLE = Automatic;
				CURRENT_PROJECT_VERSION = 1;
				DEVELOPMENT_TEAM = WJM24K3YHR;
				GENERATE_INFOPLIST_FILE = YES;
				MARKETING_VERSION = 1.0;
				PRODUCT_BUNDLE_IDENTIFIER = "com.rubis-vladimir.FoodAssistant.FoodAssistantUITests";
				PRODUCT_NAME = "$(TARGET_NAME)";
				SWIFT_EMIT_LOC_STRINGS = NO;
				SWIFT_VERSION = 5.0;
				TARGETED_DEVICE_FAMILY = "1,2";
				TEST_TARGET_NAME = FoodAssistant;
			};
			name = Release;
		};
/* End XCBuildConfiguration section */

/* Begin XCConfigurationList section */
		7D2F76E9291A94D4009D3444 /* Build configuration list for PBXProject "FoodAssistant" */ = {
			isa = XCConfigurationList;
			buildConfigurations = (
				7D2F7719291A94D6009D3444 /* Debug */,
				7D2F771A291A94D6009D3444 /* Release */,
			);
			defaultConfigurationIsVisible = 0;
			defaultConfigurationName = Release;
		};
		7D2F771B291A94D6009D3444 /* Build configuration list for PBXNativeTarget "FoodAssistant" */ = {
			isa = XCConfigurationList;
			buildConfigurations = (
				7D2F771C291A94D6009D3444 /* Debug */,
				7D2F771D291A94D6009D3444 /* Release */,
			);
			defaultConfigurationIsVisible = 0;
			defaultConfigurationName = Release;
		};
		7D2F771E291A94D6009D3444 /* Build configuration list for PBXNativeTarget "FoodAssistantTests" */ = {
			isa = XCConfigurationList;
			buildConfigurations = (
				7D2F771F291A94D6009D3444 /* Debug */,
				7D2F7720291A94D6009D3444 /* Release */,
			);
			defaultConfigurationIsVisible = 0;
			defaultConfigurationName = Release;
		};
		7D2F7721291A94D6009D3444 /* Build configuration list for PBXNativeTarget "FoodAssistantUITests" */ = {
			isa = XCConfigurationList;
			buildConfigurations = (
				7D2F7722291A94D6009D3444 /* Debug */,
				7D2F7723291A94D6009D3444 /* Release */,
			);
			defaultConfigurationIsVisible = 0;
			defaultConfigurationName = Release;
		};
/* End XCConfigurationList section */

/* Begin XCVersionGroup section */
		7D2F76FA291A94D4009D3444 /* FoodAssistant.xcdatamodeld */ = {
			isa = XCVersionGroup;
			children = (
				7D2F76FB291A94D4009D3444 /* FoodAssistant.xcdatamodel */,
			);
			currentVersion = 7D2F76FB291A94D4009D3444 /* FoodAssistant.xcdatamodel */;
			path = FoodAssistant.xcdatamodeld;
			sourceTree = "<group>";
			versionGroupType = wrapper.xcdatamodel;
		};
/* End XCVersionGroup section */
	};
	rootObject = 7D2F76E6291A94D4009D3444 /* Project object */;
}
